// !$*UTF8*$!
{
	archiveVersion = 1;
	classes = {
	};
	objectVersion = 56;
	objects = {

/* Begin PBXBuildFile section */
		8C5CBF9B2AB6B1C600AAA6A1 /* WeatherAPINetworkManager.swift in Sources */ = {isa = PBXBuildFile; fileRef = 8C5CBF9A2AB6B1C600AAA6A1 /* WeatherAPINetworkManager.swift */; };
		8C5CBF9D2AB6B68800AAA6A1 /* NetworkError.swift in Sources */ = {isa = PBXBuildFile; fileRef = 8C5CBF9C2AB6B68800AAA6A1 /* NetworkError.swift */; };
		8C5CBFA12AB6B9D600AAA6A1 /* UserDefaultsStorage.swift in Sources */ = {isa = PBXBuildFile; fileRef = 8C5CBFA02AB6B9D600AAA6A1 /* UserDefaultsStorage.swift */; };
		8C5CBFA62AB6BC2A00AAA6A1 /* WeatherInformationResponse.swift in Sources */ = {isa = PBXBuildFile; fileRef = 8C5CBFA52AB6BC2A00AAA6A1 /* WeatherInformationResponse.swift */; };
		8C5CBFAA2AB6C1DD00AAA6A1 /* LocationManager.swift in Sources */ = {isa = PBXBuildFile; fileRef = 8C5CBFA92AB6C1DD00AAA6A1 /* LocationManager.swift */; };
		8C5CBFAC2AB6CC5000AAA6A1 /* WeatherAPIEndPoint.swift in Sources */ = {isa = PBXBuildFile; fileRef = 8C5CBFAB2AB6CC5000AAA6A1 /* WeatherAPIEndPoint.swift */; };
		8C5CBFAE2AB6CCD600AAA6A1 /* Constants.swift in Sources */ = {isa = PBXBuildFile; fileRef = 8C5CBFAD2AB6CCD600AAA6A1 /* Constants.swift */; };
		8C5CBFB02AB6CF3600AAA6A1 /* WeatherViewModel.swift in Sources */ = {isa = PBXBuildFile; fileRef = 8C5CBFAF2AB6CF3600AAA6A1 /* WeatherViewModel.swift */; };
		8C5CBFB22AB6E03900AAA6A1 /* BasicWeatherInfoDataModel.swift in Sources */ = {isa = PBXBuildFile; fileRef = 8C5CBFB12AB6E03900AAA6A1 /* BasicWeatherInfoDataModel.swift */; };
		8C5CBFB42AB6E47C00AAA6A1 /* LocationDataModel.swift in Sources */ = {isa = PBXBuildFile; fileRef = 8C5CBFB32AB6E47C00AAA6A1 /* LocationDataModel.swift */; };
		8C5CBFB82AB76CC100AAA6A1 /* NetworkRequestStrategy.swift in Sources */ = {isa = PBXBuildFile; fileRef = 8C5CBFB72AB76CC100AAA6A1 /* NetworkRequestStrategy.swift */; };
		8C69BDBB29D2D251008BAB37 /* LearnSwiftUIApp.swift in Sources */ = {isa = PBXBuildFile; fileRef = 8C69BDBA29D2D251008BAB37 /* LearnSwiftUIApp.swift */; };
		8C69BDBD29D2D251008BAB37 /* ContentView.swift in Sources */ = {isa = PBXBuildFile; fileRef = 8C69BDBC29D2D251008BAB37 /* ContentView.swift */; };
		8C69BDBF29D2D251008BAB37 /* Assets.xcassets in Resources */ = {isa = PBXBuildFile; fileRef = 8C69BDBE29D2D251008BAB37 /* Assets.xcassets */; };
		8C69BDC229D2D251008BAB37 /* Preview Assets.xcassets in Resources */ = {isa = PBXBuildFile; fileRef = 8C69BDC129D2D251008BAB37 /* Preview Assets.xcassets */; };
		8C69BDCC29D2D251008BAB37 /* LearnSwiftUITests.swift in Sources */ = {isa = PBXBuildFile; fileRef = 8C69BDCB29D2D251008BAB37 /* LearnSwiftUITests.swift */; };
		8C69BDD629D2D251008BAB37 /* LearnSwiftUIUITests.swift in Sources */ = {isa = PBXBuildFile; fileRef = 8C69BDD529D2D251008BAB37 /* LearnSwiftUIUITests.swift */; };
		8C69BDD829D2D251008BAB37 /* LearnSwiftUIUITestsLaunchTests.swift in Sources */ = {isa = PBXBuildFile; fileRef = 8C69BDD729D2D251008BAB37 /* LearnSwiftUIUITestsLaunchTests.swift */; };
		8CA0072F2AB8040500A1E279 /* WeatherInfoView.swift in Sources */ = {isa = PBXBuildFile; fileRef = 8CA0072E2AB8040500A1E279 /* WeatherInfoView.swift */; };
		8CA007312AB976B900A1E279 /* CoreDataStorage.swift in Sources */ = {isa = PBXBuildFile; fileRef = 8CA007302AB976B900A1E279 /* CoreDataStorage.swift */; };
		8CA007342AB9AACB00A1E279 /* WeatherInfoModel.xcdatamodeld in Sources */ = {isa = PBXBuildFile; fileRef = 8CA007322AB9AACB00A1E279 /* WeatherInfoModel.xcdatamodeld */; };
		8CA007362ABBFBCF00A1E279 /* AdditionalInfoView.swift in Sources */ = {isa = PBXBuildFile; fileRef = 8CA007352ABBFBCF00A1E279 /* AdditionalInfoView.swift */; };
		8CA007382ABD96CA00A1E279 /* InternetPresenceService.swift in Sources */ = {isa = PBXBuildFile; fileRef = 8CA007372ABD96CA00A1E279 /* InternetPresenceService.swift */; };
		8CE25B952AC0200D006D762B /* MockURLSession.swift in Sources */ = {isa = PBXBuildFile; fileRef = 8CE25B942AC0200D006D762B /* MockURLSession.swift */; };
		8CE25B972AC022BD006D762B /* NetworkingLayerTests.swift in Sources */ = {isa = PBXBuildFile; fileRef = 8CE25B962AC022BD006D762B /* NetworkingLayerTests.swift */; };
		8CE25B992AC03418006D762B /* ViewModelTests.swift in Sources */ = {isa = PBXBuildFile; fileRef = 8CE25B982AC03418006D762B /* ViewModelTests.swift */; };
		8CE25B9B2AC04814006D762B /* LocationManagerTests.swift in Sources */ = {isa = PBXBuildFile; fileRef = 8CE25B9A2AC04814006D762B /* LocationManagerTests.swift */; };
/* End PBXBuildFile section */

/* Begin PBXContainerItemProxy section */
		8C69BDC829D2D251008BAB37 /* PBXContainerItemProxy */ = {
			isa = PBXContainerItemProxy;
			containerPortal = 8C69BDAF29D2D251008BAB37 /* Project object */;
			proxyType = 1;
			remoteGlobalIDString = 8C69BDB629D2D251008BAB37;
			remoteInfo = LearnSwiftUI;
		};
		8C69BDD229D2D251008BAB37 /* PBXContainerItemProxy */ = {
			isa = PBXContainerItemProxy;
			containerPortal = 8C69BDAF29D2D251008BAB37 /* Project object */;
			proxyType = 1;
			remoteGlobalIDString = 8C69BDB629D2D251008BAB37;
			remoteInfo = LearnSwiftUI;
		};
/* End PBXContainerItemProxy section */

/* Begin PBXFileReference section */
		8C5CBF9A2AB6B1C600AAA6A1 /* WeatherAPINetworkManager.swift */ = {isa = PBXFileReference; lastKnownFileType = sourcecode.swift; path = WeatherAPINetworkManager.swift; sourceTree = "<group>"; };
		8C5CBF9C2AB6B68800AAA6A1 /* NetworkError.swift */ = {isa = PBXFileReference; lastKnownFileType = sourcecode.swift; path = NetworkError.swift; sourceTree = "<group>"; };
		8C5CBFA02AB6B9D600AAA6A1 /* UserDefaultsStorage.swift */ = {isa = PBXFileReference; lastKnownFileType = sourcecode.swift; path = UserDefaultsStorage.swift; sourceTree = "<group>"; };
		8C5CBFA52AB6BC2A00AAA6A1 /* WeatherInformationResponse.swift */ = {isa = PBXFileReference; lastKnownFileType = sourcecode.swift; path = WeatherInformationResponse.swift; sourceTree = "<group>"; };
		8C5CBFA92AB6C1DD00AAA6A1 /* LocationManager.swift */ = {isa = PBXFileReference; lastKnownFileType = sourcecode.swift; path = LocationManager.swift; sourceTree = "<group>"; };
		8C5CBFAB2AB6CC5000AAA6A1 /* WeatherAPIEndPoint.swift */ = {isa = PBXFileReference; lastKnownFileType = sourcecode.swift; path = WeatherAPIEndPoint.swift; sourceTree = "<group>"; };
		8C5CBFAD2AB6CCD600AAA6A1 /* Constants.swift */ = {isa = PBXFileReference; lastKnownFileType = sourcecode.swift; path = Constants.swift; sourceTree = "<group>"; };
		8C5CBFAF2AB6CF3600AAA6A1 /* WeatherViewModel.swift */ = {isa = PBXFileReference; lastKnownFileType = sourcecode.swift; path = WeatherViewModel.swift; sourceTree = "<group>"; };
		8C5CBFB12AB6E03900AAA6A1 /* BasicWeatherInfoDataModel.swift */ = {isa = PBXFileReference; lastKnownFileType = sourcecode.swift; path = BasicWeatherInfoDataModel.swift; sourceTree = "<group>"; };
		8C5CBFB32AB6E47C00AAA6A1 /* LocationDataModel.swift */ = {isa = PBXFileReference; lastKnownFileType = sourcecode.swift; path = LocationDataModel.swift; sourceTree = "<group>"; };
		8C5CBFB72AB76CC100AAA6A1 /* NetworkRequestStrategy.swift */ = {isa = PBXFileReference; lastKnownFileType = sourcecode.swift; path = NetworkRequestStrategy.swift; sourceTree = "<group>"; };
		8C69BDB729D2D251008BAB37 /* LearnSwiftUI.app */ = {isa = PBXFileReference; explicitFileType = wrapper.application; includeInIndex = 0; path = LearnSwiftUI.app; sourceTree = BUILT_PRODUCTS_DIR; };
		8C69BDBA29D2D251008BAB37 /* LearnSwiftUIApp.swift */ = {isa = PBXFileReference; lastKnownFileType = sourcecode.swift; path = LearnSwiftUIApp.swift; sourceTree = "<group>"; };
		8C69BDBC29D2D251008BAB37 /* ContentView.swift */ = {isa = PBXFileReference; lastKnownFileType = sourcecode.swift; path = ContentView.swift; sourceTree = "<group>"; };
		8C69BDBE29D2D251008BAB37 /* Assets.xcassets */ = {isa = PBXFileReference; lastKnownFileType = folder.assetcatalog; path = Assets.xcassets; sourceTree = "<group>"; };
		8C69BDC129D2D251008BAB37 /* Preview Assets.xcassets */ = {isa = PBXFileReference; lastKnownFileType = folder.assetcatalog; path = "Preview Assets.xcassets"; sourceTree = "<group>"; };
		8C69BDC729D2D251008BAB37 /* LearnSwiftUITests.xctest */ = {isa = PBXFileReference; explicitFileType = wrapper.cfbundle; includeInIndex = 0; path = LearnSwiftUITests.xctest; sourceTree = BUILT_PRODUCTS_DIR; };
		8C69BDCB29D2D251008BAB37 /* LearnSwiftUITests.swift */ = {isa = PBXFileReference; lastKnownFileType = sourcecode.swift; path = LearnSwiftUITests.swift; sourceTree = "<group>"; };
		8C69BDD129D2D251008BAB37 /* LearnSwiftUIUITests.xctest */ = {isa = PBXFileReference; explicitFileType = wrapper.cfbundle; includeInIndex = 0; path = LearnSwiftUIUITests.xctest; sourceTree = BUILT_PRODUCTS_DIR; };
		8C69BDD529D2D251008BAB37 /* LearnSwiftUIUITests.swift */ = {isa = PBXFileReference; lastKnownFileType = sourcecode.swift; path = LearnSwiftUIUITests.swift; sourceTree = "<group>"; };
		8C69BDD729D2D251008BAB37 /* LearnSwiftUIUITestsLaunchTests.swift */ = {isa = PBXFileReference; lastKnownFileType = sourcecode.swift; path = LearnSwiftUIUITestsLaunchTests.swift; sourceTree = "<group>"; };
		8CA0072E2AB8040500A1E279 /* WeatherInfoView.swift */ = {isa = PBXFileReference; lastKnownFileType = sourcecode.swift; path = WeatherInfoView.swift; sourceTree = "<group>"; };
		8CA007302AB976B900A1E279 /* CoreDataStorage.swift */ = {isa = PBXFileReference; lastKnownFileType = sourcecode.swift; path = CoreDataStorage.swift; sourceTree = "<group>"; };
		8CA007332AB9AACB00A1E279 /* WeatherInfoModel.xcdatamodel */ = {isa = PBXFileReference; lastKnownFileType = wrapper.xcdatamodel; path = WeatherInfoModel.xcdatamodel; sourceTree = "<group>"; };
		8CA007352ABBFBCF00A1E279 /* AdditionalInfoView.swift */ = {isa = PBXFileReference; lastKnownFileType = sourcecode.swift; path = AdditionalInfoView.swift; sourceTree = "<group>"; };
		8CA007372ABD96CA00A1E279 /* InternetPresenceService.swift */ = {isa = PBXFileReference; lastKnownFileType = sourcecode.swift; path = InternetPresenceService.swift; sourceTree = "<group>"; };
		8CE25B942AC0200D006D762B /* MockURLSession.swift */ = {isa = PBXFileReference; lastKnownFileType = sourcecode.swift; path = MockURLSession.swift; sourceTree = "<group>"; };
		8CE25B962AC022BD006D762B /* NetworkingLayerTests.swift */ = {isa = PBXFileReference; lastKnownFileType = sourcecode.swift; path = NetworkingLayerTests.swift; sourceTree = "<group>"; };
		8CE25B982AC03418006D762B /* ViewModelTests.swift */ = {isa = PBXFileReference; lastKnownFileType = sourcecode.swift; path = ViewModelTests.swift; sourceTree = "<group>"; };
		8CE25B9A2AC04814006D762B /* LocationManagerTests.swift */ = {isa = PBXFileReference; lastKnownFileType = sourcecode.swift; path = LocationManagerTests.swift; sourceTree = "<group>"; };
/* End PBXFileReference section */

/* Begin PBXFrameworksBuildPhase section */
		8C69BDB429D2D251008BAB37 /* Frameworks */ = {
			isa = PBXFrameworksBuildPhase;
			buildActionMask = 2147483647;
			files = (
			);
			runOnlyForDeploymentPostprocessing = 0;
		};
		8C69BDC429D2D251008BAB37 /* Frameworks */ = {
			isa = PBXFrameworksBuildPhase;
			buildActionMask = 2147483647;
			files = (
			);
			runOnlyForDeploymentPostprocessing = 0;
		};
		8C69BDCE29D2D251008BAB37 /* Frameworks */ = {
			isa = PBXFrameworksBuildPhase;
			buildActionMask = 2147483647;
			files = (
			);
			runOnlyForDeploymentPostprocessing = 0;
		};
/* End PBXFrameworksBuildPhase section */

/* Begin PBXGroup section */
		8C5CBF9E2AB6B8C500AAA6A1 /* Networking Layer */ = {
			isa = PBXGroup;
			children = (
				8C5CBF9C2AB6B68800AAA6A1 /* NetworkError.swift */,
				8C5CBF9A2AB6B1C600AAA6A1 /* WeatherAPINetworkManager.swift */,
				8C5CBFA52AB6BC2A00AAA6A1 /* WeatherInformationResponse.swift */,
				8C5CBFAB2AB6CC5000AAA6A1 /* WeatherAPIEndPoint.swift */,
				8CA007372ABD96CA00A1E279 /* InternetPresenceService.swift */,
			);
			path = "Networking Layer";
			sourceTree = "<group>";
		};
		8C5CBF9F2AB6B8F700AAA6A1 /* Persistance Layer */ = {
			isa = PBXGroup;
			children = (
				8C5CBFA02AB6B9D600AAA6A1 /* UserDefaultsStorage.swift */,
				8CA007302AB976B900A1E279 /* CoreDataStorage.swift */,
				8CA007322AB9AACB00A1E279 /* WeatherInfoModel.xcdatamodeld */,
			);
			path = "Persistance Layer";
			sourceTree = "<group>";
		};
		8C5CBFA22AB6BAB200AAA6A1 /* Data Models */ = {
			isa = PBXGroup;
			children = (
				8C5CBFB12AB6E03900AAA6A1 /* BasicWeatherInfoDataModel.swift */,
				8C5CBFB32AB6E47C00AAA6A1 /* LocationDataModel.swift */,
			);
			path = "Data Models";
			sourceTree = "<group>";
		};
		8C5CBFA72AB6C1BF00AAA6A1 /* LocationService */ = {
			isa = PBXGroup;
			children = (
				8C5CBFA92AB6C1DD00AAA6A1 /* LocationManager.swift */,
			);
			path = LocationService;
			sourceTree = "<group>";
		};
		8C69BDAE29D2D251008BAB37 = {
			isa = PBXGroup;
			children = (
				8C69BDB929D2D251008BAB37 /* LearnSwiftUI */,
				8C69BDCA29D2D251008BAB37 /* LearnSwiftUITests */,
				8C69BDD429D2D251008BAB37 /* LearnSwiftUIUITests */,
				8C69BDB829D2D251008BAB37 /* Products */,
			);
			sourceTree = "<group>";
		};
		8C69BDB829D2D251008BAB37 /* Products */ = {
			isa = PBXGroup;
			children = (
				8C69BDB729D2D251008BAB37 /* LearnSwiftUI.app */,
				8C69BDC729D2D251008BAB37 /* LearnSwiftUITests.xctest */,
				8C69BDD129D2D251008BAB37 /* LearnSwiftUIUITests.xctest */,
			);
			name = Products;
			sourceTree = "<group>";
		};
		8C69BDB929D2D251008BAB37 /* LearnSwiftUI */ = {
			isa = PBXGroup;
			children = (
				8CA0072D2AB803CD00A1E279 /* UI Layer */,
				8C5CBFA72AB6C1BF00AAA6A1 /* LocationService */,
				8C5CBFA22AB6BAB200AAA6A1 /* Data Models */,
				8C5CBF9F2AB6B8F700AAA6A1 /* Persistance Layer */,
				8C5CBF9E2AB6B8C500AAA6A1 /* Networking Layer */,
				8C69BDBE29D2D251008BAB37 /* Assets.xcassets */,
				8C69BDC029D2D251008BAB37 /* Preview Content */,
				8C5CBFAD2AB6CCD600AAA6A1 /* Constants.swift */,
				8C5CBFAF2AB6CF3600AAA6A1 /* WeatherViewModel.swift */,
				8C5CBFB72AB76CC100AAA6A1 /* NetworkRequestStrategy.swift */,
			);
			path = LearnSwiftUI;
			sourceTree = "<group>";
		};
		8C69BDC029D2D251008BAB37 /* Preview Content */ = {
			isa = PBXGroup;
			children = (
				8C69BDC129D2D251008BAB37 /* Preview Assets.xcassets */,
			);
			path = "Preview Content";
			sourceTree = "<group>";
		};
		8C69BDCA29D2D251008BAB37 /* LearnSwiftUITests */ = {
			isa = PBXGroup;
			children = (
				8C69BDCB29D2D251008BAB37 /* LearnSwiftUITests.swift */,
				8CE25B942AC0200D006D762B /* MockURLSession.swift */,
				8CE25B962AC022BD006D762B /* NetworkingLayerTests.swift */,
				8CE25B982AC03418006D762B /* ViewModelTests.swift */,
				8CE25B9A2AC04814006D762B /* LocationManagerTests.swift */,
			);
			path = LearnSwiftUITests;
			sourceTree = "<group>";
		};
		8C69BDD429D2D251008BAB37 /* LearnSwiftUIUITests */ = {
			isa = PBXGroup;
			children = (
				8C69BDD529D2D251008BAB37 /* LearnSwiftUIUITests.swift */,
				8C69BDD729D2D251008BAB37 /* LearnSwiftUIUITestsLaunchTests.swift */,
			);
			path = LearnSwiftUIUITests;
			sourceTree = "<group>";
		};
		8CA0072D2AB803CD00A1E279 /* UI Layer */ = {
			isa = PBXGroup;
			children = (
				8C69BDBC29D2D251008BAB37 /* ContentView.swift */,
				8C69BDBA29D2D251008BAB37 /* LearnSwiftUIApp.swift */,
				8CA0072E2AB8040500A1E279 /* WeatherInfoView.swift */,
				8CA007352ABBFBCF00A1E279 /* AdditionalInfoView.swift */,
			);
			path = "UI Layer";
			sourceTree = "<group>";
		};
/* End PBXGroup section */

/* Begin PBXNativeTarget section */
		8C69BDB629D2D251008BAB37 /* LearnSwiftUI */ = {
			isa = PBXNativeTarget;
			buildConfigurationList = 8C69BDDB29D2D251008BAB37 /* Build configuration list for PBXNativeTarget "LearnSwiftUI" */;
			buildPhases = (
				8C69BDB329D2D251008BAB37 /* Sources */,
				8C69BDB429D2D251008BAB37 /* Frameworks */,
				8C69BDB529D2D251008BAB37 /* Resources */,
			);
			buildRules = (
			);
			dependencies = (
			);
			name = LearnSwiftUI;
			productName = LearnSwiftUI;
			productReference = 8C69BDB729D2D251008BAB37 /* LearnSwiftUI.app */;
			productType = "com.apple.product-type.application";
		};
		8C69BDC629D2D251008BAB37 /* LearnSwiftUITests */ = {
			isa = PBXNativeTarget;
			buildConfigurationList = 8C69BDDE29D2D251008BAB37 /* Build configuration list for PBXNativeTarget "LearnSwiftUITests" */;
			buildPhases = (
				8C69BDC329D2D251008BAB37 /* Sources */,
				8C69BDC429D2D251008BAB37 /* Frameworks */,
				8C69BDC529D2D251008BAB37 /* Resources */,
			);
			buildRules = (
			);
			dependencies = (
				8C69BDC929D2D251008BAB37 /* PBXTargetDependency */,
			);
			name = LearnSwiftUITests;
			productName = LearnSwiftUITests;
			productReference = 8C69BDC729D2D251008BAB37 /* LearnSwiftUITests.xctest */;
			productType = "com.apple.product-type.bundle.unit-test";
		};
		8C69BDD029D2D251008BAB37 /* LearnSwiftUIUITests */ = {
			isa = PBXNativeTarget;
			buildConfigurationList = 8C69BDE129D2D251008BAB37 /* Build configuration list for PBXNativeTarget "LearnSwiftUIUITests" */;
			buildPhases = (
				8C69BDCD29D2D251008BAB37 /* Sources */,
				8C69BDCE29D2D251008BAB37 /* Frameworks */,
				8C69BDCF29D2D251008BAB37 /* Resources */,
			);
			buildRules = (
			);
			dependencies = (
				8C69BDD329D2D251008BAB37 /* PBXTargetDependency */,
			);
			name = LearnSwiftUIUITests;
			productName = LearnSwiftUIUITests;
			productReference = 8C69BDD129D2D251008BAB37 /* LearnSwiftUIUITests.xctest */;
			productType = "com.apple.product-type.bundle.ui-testing";
		};
/* End PBXNativeTarget section */

/* Begin PBXProject section */
		8C69BDAF29D2D251008BAB37 /* Project object */ = {
			isa = PBXProject;
			attributes = {
				BuildIndependentTargetsInParallel = 1;
				LastSwiftUpdateCheck = 1420;
				LastUpgradeCheck = 1420;
				TargetAttributes = {
					8C69BDB629D2D251008BAB37 = {
						CreatedOnToolsVersion = 14.2;
					};
					8C69BDC629D2D251008BAB37 = {
						CreatedOnToolsVersion = 14.2;
						TestTargetID = 8C69BDB629D2D251008BAB37;
					};
					8C69BDD029D2D251008BAB37 = {
						CreatedOnToolsVersion = 14.2;
						TestTargetID = 8C69BDB629D2D251008BAB37;
					};
				};
			};
			buildConfigurationList = 8C69BDB229D2D251008BAB37 /* Build configuration list for PBXProject "LearnSwiftUI" */;
			compatibilityVersion = "Xcode 14.0";
			developmentRegion = en;
			hasScannedForEncodings = 0;
			knownRegions = (
				en,
				Base,
			);
			mainGroup = 8C69BDAE29D2D251008BAB37;
			productRefGroup = 8C69BDB829D2D251008BAB37 /* Products */;
			projectDirPath = "";
			projectRoot = "";
			targets = (
				8C69BDB629D2D251008BAB37 /* LearnSwiftUI */,
				8C69BDC629D2D251008BAB37 /* LearnSwiftUITests */,
				8C69BDD029D2D251008BAB37 /* LearnSwiftUIUITests */,
			);
		};
/* End PBXProject section */

/* Begin PBXResourcesBuildPhase section */
		8C69BDB529D2D251008BAB37 /* Resources */ = {
			isa = PBXResourcesBuildPhase;
			buildActionMask = 2147483647;
			files = (
				8C69BDC229D2D251008BAB37 /* Preview Assets.xcassets in Resources */,
				8C69BDBF29D2D251008BAB37 /* Assets.xcassets in Resources */,
			);
			runOnlyForDeploymentPostprocessing = 0;
		};
		8C69BDC529D2D251008BAB37 /* Resources */ = {
			isa = PBXResourcesBuildPhase;
			buildActionMask = 2147483647;
			files = (
			);
			runOnlyForDeploymentPostprocessing = 0;
		};
		8C69BDCF29D2D251008BAB37 /* Resources */ = {
			isa = PBXResourcesBuildPhase;
			buildActionMask = 2147483647;
			files = (
			);
			runOnlyForDeploymentPostprocessing = 0;
		};
/* End PBXResourcesBuildPhase section */

/* Begin PBXSourcesBuildPhase section */
		8C69BDB329D2D251008BAB37 /* Sources */ = {
			isa = PBXSourcesBuildPhase;
			buildActionMask = 2147483647;
			files = (
				8C5CBFA12AB6B9D600AAA6A1 /* UserDefaultsStorage.swift in Sources */,
				8C69BDBD29D2D251008BAB37 /* ContentView.swift in Sources */,
				8CA0072F2AB8040500A1E279 /* WeatherInfoView.swift in Sources */,
				8C5CBFB02AB6CF3600AAA6A1 /* WeatherViewModel.swift in Sources */,
				8C5CBFA62AB6BC2A00AAA6A1 /* WeatherInformationResponse.swift in Sources */,
				8C5CBFAC2AB6CC5000AAA6A1 /* WeatherAPIEndPoint.swift in Sources */,
				8CA007342AB9AACB00A1E279 /* WeatherInfoModel.xcdatamodeld in Sources */,
				8C5CBFB82AB76CC100AAA6A1 /* NetworkRequestStrategy.swift in Sources */,
				8C5CBFAE2AB6CCD600AAA6A1 /* Constants.swift in Sources */,
				8CA007312AB976B900A1E279 /* CoreDataStorage.swift in Sources */,
				8C5CBFB42AB6E47C00AAA6A1 /* LocationDataModel.swift in Sources */,
				8CA007382ABD96CA00A1E279 /* InternetPresenceService.swift in Sources */,
				8CA007362ABBFBCF00A1E279 /* AdditionalInfoView.swift in Sources */,
				8C5CBFB22AB6E03900AAA6A1 /* BasicWeatherInfoDataModel.swift in Sources */,
				8C5CBFAA2AB6C1DD00AAA6A1 /* LocationManager.swift in Sources */,
				8C5CBF9D2AB6B68800AAA6A1 /* NetworkError.swift in Sources */,
				8C5CBF9B2AB6B1C600AAA6A1 /* WeatherAPINetworkManager.swift in Sources */,
				8C69BDBB29D2D251008BAB37 /* LearnSwiftUIApp.swift in Sources */,
			);
			runOnlyForDeploymentPostprocessing = 0;
		};
		8C69BDC329D2D251008BAB37 /* Sources */ = {
			isa = PBXSourcesBuildPhase;
			buildActionMask = 2147483647;
			files = (
				8CE25B952AC0200D006D762B /* MockURLSession.swift in Sources */,
				8C69BDCC29D2D251008BAB37 /* LearnSwiftUITests.swift in Sources */,
				8CE25B9B2AC04814006D762B /* LocationManagerTests.swift in Sources */,
				8CE25B992AC03418006D762B /* ViewModelTests.swift in Sources */,
				8CE25B972AC022BD006D762B /* NetworkingLayerTests.swift in Sources */,
			);
			runOnlyForDeploymentPostprocessing = 0;
		};
		8C69BDCD29D2D251008BAB37 /* Sources */ = {
			isa = PBXSourcesBuildPhase;
			buildActionMask = 2147483647;
			files = (
				8C69BDD629D2D251008BAB37 /* LearnSwiftUIUITests.swift in Sources */,
				8C69BDD829D2D251008BAB37 /* LearnSwiftUIUITestsLaunchTests.swift in Sources */,
			);
			runOnlyForDeploymentPostprocessing = 0;
		};
/* End PBXSourcesBuildPhase section */

/* Begin PBXTargetDependency section */
		8C69BDC929D2D251008BAB37 /* PBXTargetDependency */ = {
			isa = PBXTargetDependency;
			target = 8C69BDB629D2D251008BAB37 /* LearnSwiftUI */;
			targetProxy = 8C69BDC829D2D251008BAB37 /* PBXContainerItemProxy */;
		};
		8C69BDD329D2D251008BAB37 /* PBXTargetDependency */ = {
			isa = PBXTargetDependency;
			target = 8C69BDB629D2D251008BAB37 /* LearnSwiftUI */;
			targetProxy = 8C69BDD229D2D251008BAB37 /* PBXContainerItemProxy */;
		};
/* End PBXTargetDependency section */

/* Begin XCBuildConfiguration section */
		8C69BDD929D2D251008BAB37 /* Debug */ = {
			isa = XCBuildConfiguration;
			buildSettings = {
				ALWAYS_SEARCH_USER_PATHS = NO;
				CLANG_ANALYZER_NONNULL = YES;
				CLANG_ANALYZER_NUMBER_OBJECT_CONVERSION = YES_AGGRESSIVE;
				CLANG_CXX_LANGUAGE_STANDARD = "gnu++20";
				CLANG_ENABLE_MODULES = YES;
				CLANG_ENABLE_OBJC_ARC = YES;
				CLANG_ENABLE_OBJC_WEAK = YES;
				CLANG_WARN_BLOCK_CAPTURE_AUTORELEASING = YES;
				CLANG_WARN_BOOL_CONVERSION = YES;
				CLANG_WARN_COMMA = YES;
				CLANG_WARN_CONSTANT_CONVERSION = YES;
				CLANG_WARN_DEPRECATED_OBJC_IMPLEMENTATIONS = YES;
				CLANG_WARN_DIRECT_OBJC_ISA_USAGE = YES_ERROR;
				CLANG_WARN_DOCUMENTATION_COMMENTS = YES;
				CLANG_WARN_EMPTY_BODY = YES;
				CLANG_WARN_ENUM_CONVERSION = YES;
				CLANG_WARN_INFINITE_RECURSION = YES;
				CLANG_WARN_INT_CONVERSION = YES;
				CLANG_WARN_NON_LITERAL_NULL_CONVERSION = YES;
				CLANG_WARN_OBJC_IMPLICIT_RETAIN_SELF = YES;
				CLANG_WARN_OBJC_LITERAL_CONVERSION = YES;
				CLANG_WARN_OBJC_ROOT_CLASS = YES_ERROR;
				CLANG_WARN_QUOTED_INCLUDE_IN_FRAMEWORK_HEADER = YES;
				CLANG_WARN_RANGE_LOOP_ANALYSIS = YES;
				CLANG_WARN_STRICT_PROTOTYPES = YES;
				CLANG_WARN_SUSPICIOUS_MOVE = YES;
				CLANG_WARN_UNGUARDED_AVAILABILITY = YES_AGGRESSIVE;
				CLANG_WARN_UNREACHABLE_CODE = YES;
				CLANG_WARN__DUPLICATE_METHOD_MATCH = YES;
				COPY_PHASE_STRIP = NO;
				DEBUG_INFORMATION_FORMAT = dwarf;
				ENABLE_STRICT_OBJC_MSGSEND = YES;
				ENABLE_TESTABILITY = YES;
				GCC_C_LANGUAGE_STANDARD = gnu11;
				GCC_DYNAMIC_NO_PIC = NO;
				GCC_NO_COMMON_BLOCKS = YES;
				GCC_OPTIMIZATION_LEVEL = 0;
				GCC_PREPROCESSOR_DEFINITIONS = (
					"DEBUG=1",
					"$(inherited)",
				);
				GCC_WARN_64_TO_32_BIT_CONVERSION = YES;
				GCC_WARN_ABOUT_RETURN_TYPE = YES_ERROR;
				GCC_WARN_UNDECLARED_SELECTOR = YES;
				GCC_WARN_UNINITIALIZED_AUTOS = YES_AGGRESSIVE;
				GCC_WARN_UNUSED_FUNCTION = YES;
				GCC_WARN_UNUSED_VARIABLE = YES;
				IPHONEOS_DEPLOYMENT_TARGET = 16.2;
				MTL_ENABLE_DEBUG_INFO = INCLUDE_SOURCE;
				MTL_FAST_MATH = YES;
				ONLY_ACTIVE_ARCH = YES;
				SDKROOT = iphoneos;
				SWIFT_ACTIVE_COMPILATION_CONDITIONS = DEBUG;
				SWIFT_OPTIMIZATION_LEVEL = "-Onone";
			};
			name = Debug;
		};
		8C69BDDA29D2D251008BAB37 /* Release */ = {
			isa = XCBuildConfiguration;
			buildSettings = {
				ALWAYS_SEARCH_USER_PATHS = NO;
				CLANG_ANALYZER_NONNULL = YES;
				CLANG_ANALYZER_NUMBER_OBJECT_CONVERSION = YES_AGGRESSIVE;
				CLANG_CXX_LANGUAGE_STANDARD = "gnu++20";
				CLANG_ENABLE_MODULES = YES;
				CLANG_ENABLE_OBJC_ARC = YES;
				CLANG_ENABLE_OBJC_WEAK = YES;
				CLANG_WARN_BLOCK_CAPTURE_AUTORELEASING = YES;
				CLANG_WARN_BOOL_CONVERSION = YES;
				CLANG_WARN_COMMA = YES;
				CLANG_WARN_CONSTANT_CONVERSION = YES;
				CLANG_WARN_DEPRECATED_OBJC_IMPLEMENTATIONS = YES;
				CLANG_WARN_DIRECT_OBJC_ISA_USAGE = YES_ERROR;
				CLANG_WARN_DOCUMENTATION_COMMENTS = YES;
				CLANG_WARN_EMPTY_BODY = YES;
				CLANG_WARN_ENUM_CONVERSION = YES;
				CLANG_WARN_INFINITE_RECURSION = YES;
				CLANG_WARN_INT_CONVERSION = YES;
				CLANG_WARN_NON_LITERAL_NULL_CONVERSION = YES;
				CLANG_WARN_OBJC_IMPLICIT_RETAIN_SELF = YES;
				CLANG_WARN_OBJC_LITERAL_CONVERSION = YES;
				CLANG_WARN_OBJC_ROOT_CLASS = YES_ERROR;
				CLANG_WARN_QUOTED_INCLUDE_IN_FRAMEWORK_HEADER = YES;
				CLANG_WARN_RANGE_LOOP_ANALYSIS = YES;
				CLANG_WARN_STRICT_PROTOTYPES = YES;
				CLANG_WARN_SUSPICIOUS_MOVE = YES;
				CLANG_WARN_UNGUARDED_AVAILABILITY = YES_AGGRESSIVE;
				CLANG_WARN_UNREACHABLE_CODE = YES;
				CLANG_WARN__DUPLICATE_METHOD_MATCH = YES;
				COPY_PHASE_STRIP = NO;
				DEBUG_INFORMATION_FORMAT = "dwarf-with-dsym";
				ENABLE_NS_ASSERTIONS = NO;
				ENABLE_STRICT_OBJC_MSGSEND = YES;
				GCC_C_LANGUAGE_STANDARD = gnu11;
				GCC_NO_COMMON_BLOCKS = YES;
				GCC_WARN_64_TO_32_BIT_CONVERSION = YES;
				GCC_WARN_ABOUT_RETURN_TYPE = YES_ERROR;
				GCC_WARN_UNDECLARED_SELECTOR = YES;
				GCC_WARN_UNINITIALIZED_AUTOS = YES_AGGRESSIVE;
				GCC_WARN_UNUSED_FUNCTION = YES;
				GCC_WARN_UNUSED_VARIABLE = YES;
				IPHONEOS_DEPLOYMENT_TARGET = 16.2;
				MTL_ENABLE_DEBUG_INFO = NO;
				MTL_FAST_MATH = YES;
				SDKROOT = iphoneos;
				SWIFT_COMPILATION_MODE = wholemodule;
				SWIFT_OPTIMIZATION_LEVEL = "-O";
				VALIDATE_PRODUCT = YES;
			};
			name = Release;
		};
		8C69BDDC29D2D251008BAB37 /* Debug */ = {
			isa = XCBuildConfiguration;
			buildSettings = {
				ASSETCATALOG_COMPILER_APPICON_NAME = AppIcon;
				ASSETCATALOG_COMPILER_GLOBAL_ACCENT_COLOR_NAME = AccentColor;
				CODE_SIGN_STYLE = Automatic;
				CURRENT_PROJECT_VERSION = 1;
				DEVELOPMENT_ASSET_PATHS = "\"LearnSwiftUI/Preview Content\"";
				DEVELOPMENT_TEAM = D4BVGPY4FJ;
				ENABLE_PREVIEWS = YES;
				GENERATE_INFOPLIST_FILE = YES;
				INFOPLIST_KEY_LSApplicationCategoryType = "";
				INFOPLIST_KEY_NSLocationWhenInUseUsageDescription = "Please provide your location";
				INFOPLIST_KEY_UIApplicationSceneManifest_Generation = YES;
				INFOPLIST_KEY_UIApplicationSupportsIndirectInputEvents = YES;
				INFOPLIST_KEY_UILaunchScreen_Generation = YES;
				INFOPLIST_KEY_UISupportedInterfaceOrientations_iPad = "UIInterfaceOrientationPortrait UIInterfaceOrientationPortraitUpsideDown UIInterfaceOrientationLandscapeLeft UIInterfaceOrientationLandscapeRight";
				INFOPLIST_KEY_UISupportedInterfaceOrientations_iPhone = "UIInterfaceOrientationPortrait UIInterfaceOrientationLandscapeLeft UIInterfaceOrientationLandscapeRight";
				LD_RUNPATH_SEARCH_PATHS = (
					"$(inherited)",
					"@executable_path/Frameworks",
				);
				MARKETING_VERSION = 1.0;
				PRODUCT_BUNDLE_IDENTIFIER = Rohit.LearnSwiftUI;
				PRODUCT_NAME = "$(TARGET_NAME)";
				SWIFT_EMIT_LOC_STRINGS = YES;
				SWIFT_VERSION = 5.0;
				TARGETED_DEVICE_FAMILY = "1,2";
			};
			name = Debug;
		};
		8C69BDDD29D2D251008BAB37 /* Release */ = {
			isa = XCBuildConfiguration;
			buildSettings = {
				ASSETCATALOG_COMPILER_APPICON_NAME = AppIcon;
				ASSETCATALOG_COMPILER_GLOBAL_ACCENT_COLOR_NAME = AccentColor;
				CODE_SIGN_STYLE = Automatic;
				CURRENT_PROJECT_VERSION = 1;
				DEVELOPMENT_ASSET_PATHS = "\"LearnSwiftUI/Preview Content\"";
				DEVELOPMENT_TEAM = D4BVGPY4FJ;
				ENABLE_PREVIEWS = YES;
				GENERATE_INFOPLIST_FILE = YES;
				INFOPLIST_KEY_LSApplicationCategoryType = "";
				INFOPLIST_KEY_NSLocationWhenInUseUsageDescription = "Please provide your location";
				INFOPLIST_KEY_UIApplicationSceneManifest_Generation = YES;
				INFOPLIST_KEY_UIApplicationSupportsIndirectInputEvents = YES;
				INFOPLIST_KEY_UILaunchScreen_Generation = YES;
				INFOPLIST_KEY_UISupportedInterfaceOrientations_iPad = "UIInterfaceOrientationPortrait UIInterfaceOrientationPortraitUpsideDown UIInterfaceOrientationLandscapeLeft UIInterfaceOrientationLandscapeRight";
				INFOPLIST_KEY_UISupportedInterfaceOrientations_iPhone = "UIInterfaceOrientationPortrait UIInterfaceOrientationLandscapeLeft UIInterfaceOrientationLandscapeRight";
				LD_RUNPATH_SEARCH_PATHS = (
					"$(inherited)",
					"@executable_path/Frameworks",
				);
				MARKETING_VERSION = 1.0;
				PRODUCT_BUNDLE_IDENTIFIER = Rohit.LearnSwiftUI;
				PRODUCT_NAME = "$(TARGET_NAME)";
				SWIFT_EMIT_LOC_STRINGS = YES;
				SWIFT_VERSION = 5.0;
				TARGETED_DEVICE_FAMILY = "1,2";
			};
			name = Release;
		};
		8C69BDDF29D2D251008BAB37 /* Debug */ = {
			isa = XCBuildConfiguration;
			buildSettings = {
				ALWAYS_EMBED_SWIFT_STANDARD_LIBRARIES = YES;
				BUNDLE_LOADER = "$(TEST_HOST)";
				CODE_SIGN_STYLE = Automatic;
				CURRENT_PROJECT_VERSION = 1;
				GENERATE_INFOPLIST_FILE = YES;
				IPHONEOS_DEPLOYMENT_TARGET = 16.2;
				MARKETING_VERSION = 1.0;
				PRODUCT_BUNDLE_IDENTIFIER = Rohit.LearnSwiftUITests;
				PRODUCT_NAME = "$(TARGET_NAME)";
				SWIFT_EMIT_LOC_STRINGS = NO;
				SWIFT_VERSION = 5.0;
				TARGETED_DEVICE_FAMILY = "1,2";
				TEST_HOST = "$(BUILT_PRODUCTS_DIR)/LearnSwiftUI.app/$(BUNDLE_EXECUTABLE_FOLDER_PATH)/LearnSwiftUI";
			};
			name = Debug;
		};
		8C69BDE029D2D251008BAB37 /* Release */ = {
			isa = XCBuildConfiguration;
			buildSettings = {
				ALWAYS_EMBED_SWIFT_STANDARD_LIBRARIES = YES;
				BUNDLE_LOADER = "$(TEST_HOST)";
				CODE_SIGN_STYLE = Automatic;
				CURRENT_PROJECT_VERSION = 1;
				GENERATE_INFOPLIST_FILE = YES;
				IPHONEOS_DEPLOYMENT_TARGET = 16.2;
				MARKETING_VERSION = 1.0;
				PRODUCT_BUNDLE_IDENTIFIER = Rohit.LearnSwiftUITests;
				PRODUCT_NAME = "$(TARGET_NAME)";
				SWIFT_EMIT_LOC_STRINGS = NO;
				SWIFT_VERSION = 5.0;
				TARGETED_DEVICE_FAMILY = "1,2";
				TEST_HOST = "$(BUILT_PRODUCTS_DIR)/LearnSwiftUI.app/$(BUNDLE_EXECUTABLE_FOLDER_PATH)/LearnSwiftUI";
			};
			name = Release;
		};
		8C69BDE229D2D251008BAB37 /* Debug */ = {
			isa = XCBuildConfiguration;
			buildSettings = {
				ALWAYS_EMBED_SWIFT_STANDARD_LIBRARIES = YES;
				CODE_SIGN_STYLE = Automatic;
				CURRENT_PROJECT_VERSION = 1;
				GENERATE_INFOPLIST_FILE = YES;
				MARKETING_VERSION = 1.0;
				PRODUCT_BUNDLE_IDENTIFIER = Rohit.LearnSwiftUIUITests;
				PRODUCT_NAME = "$(TARGET_NAME)";
				SWIFT_EMIT_LOC_STRINGS = NO;
				SWIFT_VERSION = 5.0;
				TARGETED_DEVICE_FAMILY = "1,2";
				TEST_TARGET_NAME = LearnSwiftUI;
			};
			name = Debug;
		};
		8C69BDE329D2D251008BAB37 /* Release */ = {
			isa = XCBuildConfiguration;
			buildSettings = {
				ALWAYS_EMBED_SWIFT_STANDARD_LIBRARIES = YES;
				CODE_SIGN_STYLE = Automatic;
				CURRENT_PROJECT_VERSION = 1;
				GENERATE_INFOPLIST_FILE = YES;
				MARKETING_VERSION = 1.0;
				PRODUCT_BUNDLE_IDENTIFIER = Rohit.LearnSwiftUIUITests;
				PRODUCT_NAME = "$(TARGET_NAME)";
				SWIFT_EMIT_LOC_STRINGS = NO;
				SWIFT_VERSION = 5.0;
				TARGETED_DEVICE_FAMILY = "1,2";
				TEST_TARGET_NAME = LearnSwiftUI;
			};
			name = Release;
		};
/* End XCBuildConfiguration section */

/* Begin XCConfigurationList section */
		8C69BDB229D2D251008BAB37 /* Build configuration list for PBXProject "LearnSwiftUI" */ = {
			isa = XCConfigurationList;
			buildConfigurations = (
				8C69BDD929D2D251008BAB37 /* Debug */,
				8C69BDDA29D2D251008BAB37 /* Release */,
			);
			defaultConfigurationIsVisible = 0;
			defaultConfigurationName = Release;
		};
		8C69BDDB29D2D251008BAB37 /* Build configuration list for PBXNativeTarget "LearnSwiftUI" */ = {
			isa = XCConfigurationList;
			buildConfigurations = (
				8C69BDDC29D2D251008BAB37 /* Debug */,
				8C69BDDD29D2D251008BAB37 /* Release */,
			);
			defaultConfigurationIsVisible = 0;
			defaultConfigurationName = Release;
		};
		8C69BDDE29D2D251008BAB37 /* Build configuration list for PBXNativeTarget "LearnSwiftUITests" */ = {
			isa = XCConfigurationList;
			buildConfigurations = (
				8C69BDDF29D2D251008BAB37 /* Debug */,
				8C69BDE029D2D251008BAB37 /* Release */,
			);
			defaultConfigurationIsVisible = 0;
			defaultConfigurationName = Release;
		};
		8C69BDE129D2D251008BAB37 /* Build configuration list for PBXNativeTarget "LearnSwiftUIUITests" */ = {
			isa = XCConfigurationList;
			buildConfigurations = (
				8C69BDE229D2D251008BAB37 /* Debug */,
				8C69BDE329D2D251008BAB37 /* Release */,
			);
			defaultConfigurationIsVisible = 0;
			defaultConfigurationName = Release;
		};
/* End XCConfigurationList section */

/* Begin XCVersionGroup section */
		8CA007322AB9AACB00A1E279 /* WeatherInfoModel.xcdatamodeld */ = {
			isa = XCVersionGroup;
			children = (
				8CA007332AB9AACB00A1E279 /* WeatherInfoModel.xcdatamodel */,
			);
			currentVersion = 8CA007332AB9AACB00A1E279 /* WeatherInfoModel.xcdatamodel */;
			path = WeatherInfoModel.xcdatamodeld;
			sourceTree = "<group>";
			versionGroupType = wrapper.xcdatamodel;
		};
/* End XCVersionGroup section */
	};
	rootObject = 8C69BDAF29D2D251008BAB37 /* Project object */;
}
